
Microsoft Visual Studio Solution File, Format Version 12.00
# Visual Studio Version 17
VisualStudioVersion = 17.0.31903.59
MinimumVisualStudioVersion = 10.0.40219.1
Project("{9A19103F-16F7-4668-BE54-9A1E7A4F7556}") = "BlazorAzureSearch.Server", "Blazor\Server\BlazorAzureSearch.Server.csproj", "{5229B6D9-5F88-496D-9733-0A50C394E19B}"
EndProject
Project("{9A19103F-16F7-4668-BE54-9A1E7A4F7556}") = "BlazorAzureSearch.Client", "Blazor\Client\BlazorAzureSearch.Client.csproj", "{D6860B6F-5308-4035-A26B-F0643564A5DB}"
EndProject
Project("{9A19103F-16F7-4668-BE54-9A1E7A4F7556}") = "BlazorAzureSearch.Shared", "Blazor\Shared\BlazorAzureSearch.Shared.csproj", "{617E863C-7221-49C6-9F86-9F820B002CE9}"
EndProject
Project("{2150E333-8FDC-42A3-9474-1A3956D46DE8}") = "Solution Items", "Solution Items", "{1EE42B75-CFC7-4B63-9728-39D124242565}"
	ProjectSection(SolutionItems) = preProject
		.github\workflows\dotnet.yml = .github\workflows\dotnet.yml
		README.md = README.md
	EndProjectSection
EndProject
Project("{9A19103F-16F7-4668-BE54-9A1E7A4F7556}") = "AspNetCoreAzureSearch", "RazorPages\AspNetCoreAzureSearch.csproj", "{E4D5494D-D09F-4242-BF6C-ADE5AF657065}"
EndProject
Global
	GlobalSection(SolutionConfigurationPlatforms) = preSolution
		Debug|Any CPU = Debug|Any CPU
		Release|Any CPU = Release|Any CPU
	EndGlobalSection
	GlobalSection(ProjectConfigurationPlatforms) = postSolution
		{5229B6D9-5F88-496D-9733-0A50C394E19B}.Debug|Any CPU.ActiveCfg = Debug|Any CPU
		{5229B6D9-5F88-496D-9733-0A50C394E19B}.Debug|Any CPU.Build.0 = Debug|Any CPU
		{5229B6D9-5F88-496D-9733-0A50C394E19B}.Release|Any CPU.ActiveCfg = Release|Any CPU
		{5229B6D9-5F88-496D-9733-0A50C394E19B}.Release|Any CPU.Build.0 = Release|Any CPU
		{D6860B6F-5308-4035-A26B-F0643564A5DB}.Debug|Any CPU.ActiveCfg = Debug|Any CPU
		{D6860B6F-5308-4035-A26B-F0643564A5DB}.Debug|Any CPU.Build.0 = Debug|Any CPU
		{D6860B6F-5308-4035-A26B-F0643564A5DB}.Release|Any CPU.ActiveCfg = Release|Any CPU
		{D6860B6F-5308-4035-A26B-F0643564A5DB}.Release|Any CPU.Build.0 = Release|Any CPU
		{617E863C-7221-49C6-9F86-9F820B002CE9}.Debug|Any CPU.ActiveCfg = Debug|Any CPU
		{617E863C-7221-49C6-9F86-9F820B002CE9}.Debug|Any CPU.Build.0 = Debug|Any CPU
		{617E863C-7221-49C6-9F86-9F820B002CE9}.Release|Any CPU.ActiveCfg = Release|Any CPU
		{617E863C-7221-49C6-9F86-9F820B002CE9}.Release|Any CPU.Build.0 = Release|Any CPU
		{E4D5494D-D09F-4242-BF6C-ADE5AF657065}.Debug|Any CPU.ActiveCfg = Debug|Any CPU
		{E4D5494D-D09F-4242-BF6C-ADE5AF657065}.Debug|Any CPU.Build.0 = Debug|Any CPU
		{E4D5494D-D09F-4242-BF6C-ADE5AF657065}.Release|Any CPU.ActiveCfg = Release|Any CPU
		{E4D5494D-D09F-4242-BF6C-ADE5AF657065}.Release|Any CPU.Build.0 = Release|Any CPU
	EndGlobalSection
	GlobalSection(SolutionProperties) = preSolution
		HideSolutionNode = FALSE
	EndGlobalSection
	GlobalSection(ExtensibilityGlobals) = postSolution
		SolutionGuid = {2D392363-B0B1-4BD3-9490-5B8E8BE8F3FB}
	EndGlobalSection
EndGlobal
